
Microsoft Visual Studio Solution File, Format Version 12.00
# Visual Studio Version 17
VisualStudioVersion = 17.0.31919.166
MinimumVisualStudioVersion = 10.0.40219.1
Project("{FAE04EC0-301F-11D3-BF4B-00C04F79EFBC}") = "KursovayaMVC", "KursovayaMVC\KursovayaMVC.csproj", "{29B940D1-BCF0-4C62-AFE4-B80D00D98944}"
EndProject
Global
	GlobalSection(SolutionConfigurationPlatforms) = preSolution
		Debug|Any CPU = Debug|Any CPU
		Release|Any CPU = Release|Any CPU
	EndGlobalSection
	GlobalSection(ProjectConfigurationPlatforms) = postSolution
		{29B940D1-BCF0-4C62-AFE4-B80D00D98944}.Debug|Any CPU.ActiveCfg = Debug|Any CPU
		{29B940D1-BCF0-4C62-AFE4-B80D00D98944}.Debug|Any CPU.Build.0 = Debug|Any CPU
		{29B940D1-BCF0-4C62-AFE4-B80D00D98944}.Release|Any CPU.ActiveCfg = Release|Any CPU
		{29B940D1-BCF0-4C62-AFE4-B80D00D98944}.Release|Any CPU.Build.0 = Release|Any CPU
	EndGlobalSection
	GlobalSection(SolutionProperties) = preSolution
		HideSolutionNode = FALSE
	EndGlobalSection
	GlobalSection(ExtensibilityGlobals) = postSolution
		SolutionGuid = {8526D2D8-1A67-4652-B1C8-22F1F7865065}
	EndGlobalSection
EndGlobal
