
Microsoft Visual Studio Solution File, Format Version 12.00
# Visual Studio Version 16
VisualStudioVersion = 16.0.30804.86
MinimumVisualStudioVersion = 10.0.40219.1
Project("{9A19103F-16F7-4668-BE54-9A1E7A4F7556}") = "ConsoleApp1", "ConsoleApp1\ConsoleApp1.csproj", "{6A3BE90F-0920-44A3-BC01-CC3928948641}"
EndProject
Project("{2150E333-8FDC-42A3-9474-1A3956D46DE8}") = "Solution Items", "Solution Items", "{548924AA-33BF-4185-9FD8-914D48F60DE7}"
EndProject
Global
	GlobalSection(SolutionConfigurationPlatforms) = preSolution
		Debug|Any CPU = Debug|Any CPU
		Release|Any CPU = Release|Any CPU
	EndGlobalSection
	GlobalSection(ProjectConfigurationPlatforms) = postSolution
		{6A3BE90F-0920-44A3-BC01-CC3928948641}.Debug|Any CPU.ActiveCfg = Debug|Any CPU
		{6A3BE90F-0920-44A3-BC01-CC3928948641}.Debug|Any CPU.Build.0 = Debug|Any CPU
		{6A3BE90F-0920-44A3-BC01-CC3928948641}.Release|Any CPU.ActiveCfg = Release|Any CPU
		{6A3BE90F-0920-44A3-BC01-CC3928948641}.Release|Any CPU.Build.0 = Release|Any CPU
	EndGlobalSection
	GlobalSection(SolutionProperties) = preSolution
		HideSolutionNode = FALSE
	EndGlobalSection
	GlobalSection(ExtensibilityGlobals) = postSolution
		SolutionGuid = {EF41D987-46C4-4138-BA7D-CD4971BEBE3F}
	EndGlobalSection
EndGlobal
