
Microsoft Visual Studio Solution File, Format Version 12.00
# Visual Studio Version 16
VisualStudioVersion = 16.0.30611.23
MinimumVisualStudioVersion = 10.0.40219.1
Project("{FAE04EC0-301F-11D3-BF4B-00C04F79EFBC}") = "TaiFYA", "TaiFYA\TaiFYA.csproj", "{10B1E5EA-91FC-47AC-9BDE-C9337F93186B}"
EndProject
Global
	GlobalSection(SolutionConfigurationPlatforms) = preSolution
		Debug|Any CPU = Debug|Any CPU
		Release|Any CPU = Release|Any CPU
	EndGlobalSection
	GlobalSection(ProjectConfigurationPlatforms) = postSolution
		{10B1E5EA-91FC-47AC-9BDE-C9337F93186B}.Debug|Any CPU.ActiveCfg = Debug|Any CPU
		{10B1E5EA-91FC-47AC-9BDE-C9337F93186B}.Debug|Any CPU.Build.0 = Debug|Any CPU
		{10B1E5EA-91FC-47AC-9BDE-C9337F93186B}.Release|Any CPU.ActiveCfg = Release|Any CPU
		{10B1E5EA-91FC-47AC-9BDE-C9337F93186B}.Release|Any CPU.Build.0 = Release|Any CPU
	EndGlobalSection
	GlobalSection(SolutionProperties) = preSolution
		HideSolutionNode = FALSE
	EndGlobalSection
	GlobalSection(ExtensibilityGlobals) = postSolution
		SolutionGuid = {B6138802-1A68-4EFC-B9A7-6652A3EC8C93}
	EndGlobalSection
EndGlobal
