
Microsoft Visual Studio Solution File, Format Version 12.00
# Visual Studio Version 16
VisualStudioVersion = 16.0.30611.23
MinimumVisualStudioVersion = 10.0.40219.1
Project("{FAE04EC0-301F-11D3-BF4B-00C04F79EFBC}") = "ConsoleApp1", "ConsoleApp1\ConsoleApp1.csproj", "{EC77E263-E3D3-484C-8037-EAA3FA8EC856}"
EndProject
Global
	GlobalSection(SolutionConfigurationPlatforms) = preSolution
		Debug|Any CPU = Debug|Any CPU
		Release|Any CPU = Release|Any CPU
	EndGlobalSection
	GlobalSection(ProjectConfigurationPlatforms) = postSolution
		{EC77E263-E3D3-484C-8037-EAA3FA8EC856}.Debug|Any CPU.ActiveCfg = Debug|Any CPU
		{EC77E263-E3D3-484C-8037-EAA3FA8EC856}.Debug|Any CPU.Build.0 = Debug|Any CPU
		{EC77E263-E3D3-484C-8037-EAA3FA8EC856}.Release|Any CPU.ActiveCfg = Release|Any CPU
		{EC77E263-E3D3-484C-8037-EAA3FA8EC856}.Release|Any CPU.Build.0 = Release|Any CPU
	EndGlobalSection
	GlobalSection(SolutionProperties) = preSolution
		HideSolutionNode = FALSE
	EndGlobalSection
	GlobalSection(ExtensibilityGlobals) = postSolution
		SolutionGuid = {F1651D49-243E-4AED-A7B4-4536075ABA17}
	EndGlobalSection
EndGlobal
