
Microsoft Visual Studio Solution File, Format Version 12.00
# Visual Studio Version 16
VisualStudioVersion = 16.0.31313.79
MinimumVisualStudioVersion = 10.0.40219.1
Project("{FAE04EC0-301F-11D3-BF4B-00C04F79EFBC}") = "Kursovaya", "Kursovaya\Kursovaya.csproj", "{A0C904C8-3BE4-45B7-8611-AD38AED8C75D}"
EndProject
Global
	GlobalSection(SolutionConfigurationPlatforms) = preSolution
		Debug|Any CPU = Debug|Any CPU
		Release|Any CPU = Release|Any CPU
	EndGlobalSection
	GlobalSection(ProjectConfigurationPlatforms) = postSolution
		{A0C904C8-3BE4-45B7-8611-AD38AED8C75D}.Debug|Any CPU.ActiveCfg = Debug|Any CPU
		{A0C904C8-3BE4-45B7-8611-AD38AED8C75D}.Debug|Any CPU.Build.0 = Debug|Any CPU
		{A0C904C8-3BE4-45B7-8611-AD38AED8C75D}.Release|Any CPU.ActiveCfg = Release|Any CPU
		{A0C904C8-3BE4-45B7-8611-AD38AED8C75D}.Release|Any CPU.Build.0 = Release|Any CPU
	EndGlobalSection
	GlobalSection(SolutionProperties) = preSolution
		HideSolutionNode = FALSE
	EndGlobalSection
	GlobalSection(ExtensibilityGlobals) = postSolution
		SolutionGuid = {098C0A09-B040-4CC0-834A-0AA69E7D0DD7}
	EndGlobalSection
EndGlobal
